
Microsoft Visual Studio Solution File, Format Version 12.00
# Visual Studio Version 16
VisualStudioVersion = 16.0.29728.190
MinimumVisualStudioVersion = 10.0.40219.1
Project("{9A19103F-16F7-4668-BE54-9A1E7A4F7556}") = "MyLeasing.Common", "MyLeasing.Common\MyLeasing.Common.csproj", "{F11E9FCD-3493-4DF8-8004-8C21BD8ED684}"
EndProject
Project("{9A19103F-16F7-4668-BE54-9A1E7A4F7556}") = "MyLeasing.Web", "MyLeasing.Web\MyLeasing.Web.csproj", "{3C604247-A168-4F4B-8A2B-3225AC9B4AB7}"
EndProject
Project("{FAE04EC0-301F-11D3-BF4B-00C04F79EFBC}") = "MyLeasing.Prism", "MyLeasing.Prism\MyLeasing.Prism\MyLeasing.Prism.csproj", "{0EB93D48-3963-4E68-AF8E-11AA4917C889}"
EndProject
Project("{FAE04EC0-301F-11D3-BF4B-00C04F79EFBC}") = "MyLeasing.Prism.Android", "MyLeasing.Prism\MyLeasing.Prism.Android\MyLeasing.Prism.Android.csproj", "{E1C00661-9F30-48CC-9D20-37FD04AD800B}"
EndProject
Project("{FAE04EC0-301F-11D3-BF4B-00C04F79EFBC}") = "MyLeasing.Prism.iOS", "MyLeasing.Prism\MyLeasing.Prism.iOS\MyLeasing.Prism.iOS.csproj", "{76B4A8A4-B86A-4DC2-B052-5C050B871809}"
EndProject
Project("{FAE04EC0-301F-11D3-BF4B-00C04F79EFBC}") = "MyLeasing.Prism.UWP", "MyLeasing.Prism\MyLeasing.Prism.UWP\MyLeasing.Prism.UWP.csproj", "{482C58C7-DFAD-431E-9F10-08C2B4F60673}"
EndProject
Global
	GlobalSection(SolutionConfigurationPlatforms) = preSolution
		Ad-Hoc|Any CPU = Ad-Hoc|Any CPU
		Ad-Hoc|ARM = Ad-Hoc|ARM
		Ad-Hoc|iPhone = Ad-Hoc|iPhone
		Ad-Hoc|iPhoneSimulator = Ad-Hoc|iPhoneSimulator
		Ad-Hoc|x64 = Ad-Hoc|x64
		Ad-Hoc|x86 = Ad-Hoc|x86
		AppStore|Any CPU = AppStore|Any CPU
		AppStore|ARM = AppStore|ARM
		AppStore|iPhone = AppStore|iPhone
		AppStore|iPhoneSimulator = AppStore|iPhoneSimulator
		AppStore|x64 = AppStore|x64
		AppStore|x86 = AppStore|x86
		Debug|Any CPU = Debug|Any CPU
		Debug|ARM = Debug|ARM
		Debug|iPhone = Debug|iPhone
		Debug|iPhoneSimulator = Debug|iPhoneSimulator
		Debug|x64 = Debug|x64
		Debug|x86 = Debug|x86
		Release|Any CPU = Release|Any CPU
		Release|ARM = Release|ARM
		Release|iPhone = Release|iPhone
		Release|iPhoneSimulator = Release|iPhoneSimulator
		Release|x64 = Release|x64
		Release|x86 = Release|x86
	EndGlobalSection
	GlobalSection(ProjectConfigurationPlatforms) = postSolution
		{F11E9FCD-3493-4DF8-8004-8C21BD8ED684}.Ad-Hoc|Any CPU.ActiveCfg = Release|Any CPU
		{F11E9FCD-3493-4DF8-8004-8C21BD8ED684}.Ad-Hoc|Any CPU.Build.0 = Release|Any CPU
		{F11E9FCD-3493-4DF8-8004-8C21BD8ED684}.Ad-Hoc|ARM.ActiveCfg = Release|Any CPU
		{F11E9FCD-3493-4DF8-8004-8C21BD8ED684}.Ad-Hoc|ARM.Build.0 = Release|Any CPU
		{F11E9FCD-3493-4DF8-8004-8C21BD8ED684}.Ad-Hoc|iPhone.ActiveCfg = Release|Any CPU
		{F11E9FCD-3493-4DF8-8004-8C21BD8ED684}.Ad-Hoc|iPhone.Build.0 = Release|Any CPU
		{F11E9FCD-3493-4DF8-8004-8C21BD8ED684}.Ad-Hoc|iPhoneSimulator.ActiveCfg = Release|Any CPU
		{F11E9FCD-3493-4DF8-8004-8C21BD8ED684}.Ad-Hoc|iPhoneSimulator.Build.0 = Release|Any CPU
		{F11E9FCD-3493-4DF8-8004-8C21BD8ED684}.Ad-Hoc|x64.ActiveCfg = Release|Any CPU
		{F11E9FCD-3493-4DF8-8004-8C21BD8ED684}.Ad-Hoc|x64.Build.0 = Release|Any CPU
		{F11E9FCD-3493-4DF8-8004-8C21BD8ED684}.Ad-Hoc|x86.ActiveCfg = Release|Any CPU
		{F11E9FCD-3493-4DF8-8004-8C21BD8ED684}.Ad-Hoc|x86.Build.0 = Release|Any CPU
		{F11E9FCD-3493-4DF8-8004-8C21BD8ED684}.AppStore|Any CPU.ActiveCfg = Release|Any CPU
		{F11E9FCD-3493-4DF8-8004-8C21BD8ED684}.AppStore|Any CPU.Build.0 = Release|Any CPU
		{F11E9FCD-3493-4DF8-8004-8C21BD8ED684}.AppStore|ARM.ActiveCfg = Release|Any CPU
		{F11E9FCD-3493-4DF8-8004-8C21BD8ED684}.AppStore|ARM.Build.0 = Release|Any CPU
		{F11E9FCD-3493-4DF8-8004-8C21BD8ED684}.AppStore|iPhone.ActiveCfg = Release|Any CPU
		{F11E9FCD-3493-4DF8-8004-8C21BD8ED684}.AppStore|iPhone.Build.0 = Release|Any CPU
		{F11E9FCD-3493-4DF8-8004-8C21BD8ED684}.AppStore|iPhoneSimulator.ActiveCfg = Release|Any CPU
		{F11E9FCD-3493-4DF8-8004-8C21BD8ED684}.AppStore|iPhoneSimulator.Build.0 = Release|Any CPU
		{F11E9FCD-3493-4DF8-8004-8C21BD8ED684}.AppStore|x64.ActiveCfg = Release|Any CPU
		{F11E9FCD-3493-4DF8-8004-8C21BD8ED684}.AppStore|x64.Build.0 = Release|Any CPU
		{F11E9FCD-3493-4DF8-8004-8C21BD8ED684}.AppStore|x86.ActiveCfg = Release|Any CPU
		{F11E9FCD-3493-4DF8-8004-8C21BD8ED684}.AppStore|x86.Build.0 = Release|Any CPU
		{F11E9FCD-3493-4DF8-8004-8C21BD8ED684}.Debug|Any CPU.ActiveCfg = Debug|Any CPU
		{F11E9FCD-3493-4DF8-8004-8C21BD8ED684}.Debug|Any CPU.Build.0 = Debug|Any CPU
		{F11E9FCD-3493-4DF8-8004-8C21BD8ED684}.Debug|ARM.ActiveCfg = Debug|Any CPU
		{F11E9FCD-3493-4DF8-8004-8C21BD8ED684}.Debug|ARM.Build.0 = Debug|Any CPU
		{F11E9FCD-3493-4DF8-8004-8C21BD8ED684}.Debug|iPhone.ActiveCfg = Debug|Any CPU
		{F11E9FCD-3493-4DF8-8004-8C21BD8ED684}.Debug|iPhone.Build.0 = Debug|Any CPU
		{F11E9FCD-3493-4DF8-8004-8C21BD8ED684}.Debug|iPhoneSimulator.ActiveCfg = Debug|Any CPU
		{F11E9FCD-3493-4DF8-8004-8C21BD8ED684}.Debug|iPhoneSimulator.Build.0 = Debug|Any CPU
		{F11E9FCD-3493-4DF8-8004-8C21BD8ED684}.Debug|x64.ActiveCfg = Debug|Any CPU
		{F11E9FCD-3493-4DF8-8004-8C21BD8ED684}.Debug|x64.Build.0 = Debug|Any CPU
		{F11E9FCD-3493-4DF8-8004-8C21BD8ED684}.Debug|x86.ActiveCfg = Debug|Any CPU
		{F11E9FCD-3493-4DF8-8004-8C21BD8ED684}.Debug|x86.Build.0 = Debug|Any CPU
		{F11E9FCD-3493-4DF8-8004-8C21BD8ED684}.Release|Any CPU.ActiveCfg = Release|Any CPU
		{F11E9FCD-3493-4DF8-8004-8C21BD8ED684}.Release|Any CPU.Build.0 = Release|Any CPU
		{F11E9FCD-3493-4DF8-8004-8C21BD8ED684}.Release|ARM.ActiveCfg = Release|Any CPU
		{F11E9FCD-3493-4DF8-8004-8C21BD8ED684}.Release|ARM.Build.0 = Release|Any CPU
		{F11E9FCD-3493-4DF8-8004-8C21BD8ED684}.Release|iPhone.ActiveCfg = Release|Any CPU
		{F11E9FCD-3493-4DF8-8004-8C21BD8ED684}.Release|iPhone.Build.0 = Release|Any CPU
		{F11E9FCD-3493-4DF8-8004-8C21BD8ED684}.Release|iPhoneSimulator.ActiveCfg = Release|Any CPU
		{F11E9FCD-3493-4DF8-8004-8C21BD8ED684}.Release|iPhoneSimulator.Build.0 = Release|Any CPU
		{F11E9FCD-3493-4DF8-8004-8C21BD8ED684}.Release|x64.ActiveCfg = Release|Any CPU
		{F11E9FCD-3493-4DF8-8004-8C21BD8ED684}.Release|x64.Build.0 = Release|Any CPU
		{F11E9FCD-3493-4DF8-8004-8C21BD8ED684}.Release|x86.ActiveCfg = Release|Any CPU
		{F11E9FCD-3493-4DF8-8004-8C21BD8ED684}.Release|x86.Build.0 = Release|Any CPU
		{3C604247-A168-4F4B-8A2B-3225AC9B4AB7}.Ad-Hoc|Any CPU.ActiveCfg = Release|Any CPU
		{3C604247-A168-4F4B-8A2B-3225AC9B4AB7}.Ad-Hoc|Any CPU.Build.0 = Release|Any CPU
		{3C604247-A168-4F4B-8A2B-3225AC9B4AB7}.Ad-Hoc|ARM.ActiveCfg = Release|Any CPU
		{3C604247-A168-4F4B-8A2B-3225AC9B4AB7}.Ad-Hoc|ARM.Build.0 = Release|Any CPU
		{3C604247-A168-4F4B-8A2B-3225AC9B4AB7}.Ad-Hoc|iPhone.ActiveCfg = Release|Any CPU
		{3C604247-A168-4F4B-8A2B-3225AC9B4AB7}.Ad-Hoc|iPhone.Build.0 = Release|Any CPU
		{3C604247-A168-4F4B-8A2B-3225AC9B4AB7}.Ad-Hoc|iPhoneSimulator.ActiveCfg = Release|Any CPU
		{3C604247-A168-4F4B-8A2B-3225AC9B4AB7}.Ad-Hoc|iPhoneSimulator.Build.0 = Release|Any CPU
		{3C604247-A168-4F4B-8A2B-3225AC9B4AB7}.Ad-Hoc|x64.ActiveCfg = Release|Any CPU
		{3C604247-A168-4F4B-8A2B-3225AC9B4AB7}.Ad-Hoc|x64.Build.0 = Release|Any CPU
		{3C604247-A168-4F4B-8A2B-3225AC9B4AB7}.Ad-Hoc|x86.ActiveCfg = Release|Any CPU
		{3C604247-A168-4F4B-8A2B-3225AC9B4AB7}.Ad-Hoc|x86.Build.0 = Release|Any CPU
		{3C604247-A168-4F4B-8A2B-3225AC9B4AB7}.AppStore|Any CPU.ActiveCfg = Release|Any CPU
		{3C604247-A168-4F4B-8A2B-3225AC9B4AB7}.AppStore|Any CPU.Build.0 = Release|Any CPU
		{3C604247-A168-4F4B-8A2B-3225AC9B4AB7}.AppStore|ARM.ActiveCfg = Release|Any CPU
		{3C604247-A168-4F4B-8A2B-3225AC9B4AB7}.AppStore|ARM.Build.0 = Release|Any CPU
		{3C604247-A168-4F4B-8A2B-3225AC9B4AB7}.AppStore|iPhone.ActiveCfg = Release|Any CPU
		{3C604247-A168-4F4B-8A2B-3225AC9B4AB7}.AppStore|iPhone.Build.0 = Release|Any CPU
		{3C604247-A168-4F4B-8A2B-3225AC9B4AB7}.AppStore|iPhoneSimulator.ActiveCfg = Release|Any CPU
		{3C604247-A168-4F4B-8A2B-3225AC9B4AB7}.AppStore|iPhoneSimulator.Build.0 = Release|Any CPU
		{3C604247-A168-4F4B-8A2B-3225AC9B4AB7}.AppStore|x64.ActiveCfg = Release|Any CPU
		{3C604247-A168-4F4B-8A2B-3225AC9B4AB7}.AppStore|x64.Build.0 = Release|Any CPU
		{3C604247-A168-4F4B-8A2B-3225AC9B4AB7}.AppStore|x86.ActiveCfg = Release|Any CPU
		{3C604247-A168-4F4B-8A2B-3225AC9B4AB7}.AppStore|x86.Build.0 = Release|Any CPU
		{3C604247-A168-4F4B-8A2B-3225AC9B4AB7}.Debug|Any CPU.ActiveCfg = Debug|Any CPU
		{3C604247-A168-4F4B-8A2B-3225AC9B4AB7}.Debug|Any CPU.Build.0 = Debug|Any CPU
		{3C604247-A168-4F4B-8A2B-3225AC9B4AB7}.Debug|ARM.ActiveCfg = Debug|Any CPU
		{3C604247-A168-4F4B-8A2B-3225AC9B4AB7}.Debug|ARM.Build.0 = Debug|Any CPU
		{3C604247-A168-4F4B-8A2B-3225AC9B4AB7}.Debug|iPhone.ActiveCfg = Debug|Any CPU
		{3C604247-A168-4F4B-8A2B-3225AC9B4AB7}.Debug|iPhone.Build.0 = Debug|Any CPU
		{3C604247-A168-4F4B-8A2B-3225AC9B4AB7}.Debug|iPhoneSimulator.ActiveCfg = Debug|Any CPU
		{3C604247-A168-4F4B-8A2B-3225AC9B4AB7}.Debug|iPhoneSimulator.Build.0 = Debug|Any CPU
		{3C604247-A168-4F4B-8A2B-3225AC9B4AB7}.Debug|x64.ActiveCfg = Debug|Any CPU
		{3C604247-A168-4F4B-8A2B-3225AC9B4AB7}.Debug|x64.Build.0 = Debug|Any CPU
		{3C604247-A168-4F4B-8A2B-3225AC9B4AB7}.Debug|x86.ActiveCfg = Debug|Any CPU
		{3C604247-A168-4F4B-8A2B-3225AC9B4AB7}.Debug|x86.Build.0 = Debug|Any CPU
		{3C604247-A168-4F4B-8A2B-3225AC9B4AB7}.Release|Any CPU.ActiveCfg = Release|Any CPU
		{3C604247-A168-4F4B-8A2B-3225AC9B4AB7}.Release|Any CPU.Build.0 = Release|Any CPU
		{3C604247-A168-4F4B-8A2B-3225AC9B4AB7}.Release|ARM.ActiveCfg = Release|Any CPU
		{3C604247-A168-4F4B-8A2B-3225AC9B4AB7}.Release|ARM.Build.0 = Release|Any CPU
		{3C604247-A168-4F4B-8A2B-3225AC9B4AB7}.Release|iPhone.ActiveCfg = Release|Any CPU
		{3C604247-A168-4F4B-8A2B-3225AC9B4AB7}.Release|iPhone.Build.0 = Release|Any CPU
		{3C604247-A168-4F4B-8A2B-3225AC9B4AB7}.Release|iPhoneSimulator.ActiveCfg = Release|Any CPU
		{3C604247-A168-4F4B-8A2B-3225AC9B4AB7}.Release|iPhoneSimulator.Build.0 = Release|Any CPU
		{3C604247-A168-4F4B-8A2B-3225AC9B4AB7}.Release|x64.ActiveCfg = Release|Any CPU
		{3C604247-A168-4F4B-8A2B-3225AC9B4AB7}.Release|x64.Build.0 = Release|Any CPU
		{3C604247-A168-4F4B-8A2B-3225AC9B4AB7}.Release|x86.ActiveCfg = Release|Any CPU
		{3C604247-A168-4F4B-8A2B-3225AC9B4AB7}.Release|x86.Build.0 = Release|Any CPU
		{0EB93D48-3963-4E68-AF8E-11AA4917C889}.Ad-Hoc|Any CPU.ActiveCfg = Debug|Any CPU
		{0EB93D48-3963-4E68-AF8E-11AA4917C889}.Ad-Hoc|Any CPU.Build.0 = Debug|Any CPU
		{0EB93D48-3963-4E68-AF8E-11AA4917C889}.Ad-Hoc|ARM.ActiveCfg = Debug|Any CPU
		{0EB93D48-3963-4E68-AF8E-11AA4917C889}.Ad-Hoc|ARM.Build.0 = Debug|Any CPU
		{0EB93D48-3963-4E68-AF8E-11AA4917C889}.Ad-Hoc|iPhone.ActiveCfg = Debug|Any CPU
		{0EB93D48-3963-4E68-AF8E-11AA4917C889}.Ad-Hoc|iPhone.Build.0 = Debug|Any CPU
		{0EB93D48-3963-4E68-AF8E-11AA4917C889}.Ad-Hoc|iPhoneSimulator.ActiveCfg = Debug|Any CPU
		{0EB93D48-3963-4E68-AF8E-11AA4917C889}.Ad-Hoc|iPhoneSimulator.Build.0 = Debug|Any CPU
		{0EB93D48-3963-4E68-AF8E-11AA4917C889}.Ad-Hoc|x64.ActiveCfg = Debug|Any CPU
		{0EB93D48-3963-4E68-AF8E-11AA4917C889}.Ad-Hoc|x64.Build.0 = Debug|Any CPU
		{0EB93D48-3963-4E68-AF8E-11AA4917C889}.Ad-Hoc|x86.ActiveCfg = Debug|Any CPU
		{0EB93D48-3963-4E68-AF8E-11AA4917C889}.Ad-Hoc|x86.Build.0 = Debug|Any CPU
		{0EB93D48-3963-4E68-AF8E-11AA4917C889}.AppStore|Any CPU.ActiveCfg = Debug|Any CPU
		{0EB93D48-3963-4E68-AF8E-11AA4917C889}.AppStore|Any CPU.Build.0 = Debug|Any CPU
		{0EB93D48-3963-4E68-AF8E-11AA4917C889}.AppStore|ARM.ActiveCfg = Debug|Any CPU
		{0EB93D48-3963-4E68-AF8E-11AA4917C889}.AppStore|ARM.Build.0 = Debug|Any CPU
		{0EB93D48-3963-4E68-AF8E-11AA4917C889}.AppStore|iPhone.ActiveCfg = Debug|Any CPU
		{0EB93D48-3963-4E68-AF8E-11AA4917C889}.AppStore|iPhone.Build.0 = Debug|Any CPU
		{0EB93D48-3963-4E68-AF8E-11AA4917C889}.AppStore|iPhoneSimulator.ActiveCfg = Debug|Any CPU
		{0EB93D48-3963-4E68-AF8E-11AA4917C889}.AppStore|iPhoneSimulator.Build.0 = Debug|Any CPU
		{0EB93D48-3963-4E68-AF8E-11AA4917C889}.AppStore|x64.ActiveCfg = Debug|Any CPU
		{0EB93D48-3963-4E68-AF8E-11AA4917C889}.AppStore|x64.Build.0 = Debug|Any CPU
		{0EB93D48-3963-4E68-AF8E-11AA4917C889}.AppStore|x86.ActiveCfg = Debug|Any CPU
		{0EB93D48-3963-4E68-AF8E-11AA4917C889}.AppStore|x86.Build.0 = Debug|Any CPU
		{0EB93D48-3963-4E68-AF8E-11AA4917C889}.Debug|Any CPU.ActiveCfg = Debug|Any CPU
		{0EB93D48-3963-4E68-AF8E-11AA4917C889}.Debug|Any CPU.Build.0 = Debug|Any CPU
		{0EB93D48-3963-4E68-AF8E-11AA4917C889}.Debug|ARM.ActiveCfg = Debug|Any CPU
		{0EB93D48-3963-4E68-AF8E-11AA4917C889}.Debug|ARM.Build.0 = Debug|Any CPU
		{0EB93D48-3963-4E68-AF8E-11AA4917C889}.Debug|iPhone.ActiveCfg = Debug|Any CPU
		{0EB93D48-3963-4E68-AF8E-11AA4917C889}.Debug|iPhone.Build.0 = Debug|Any CPU
		{0EB93D48-3963-4E68-AF8E-11AA4917C889}.Debug|iPhoneSimulator.ActiveCfg = Debug|Any CPU
		{0EB93D48-3963-4E68-AF8E-11AA4917C889}.Debug|iPhoneSimulator.Build.0 = Debug|Any CPU
		{0EB93D48-3963-4E68-AF8E-11AA4917C889}.Debug|x64.ActiveCfg = Debug|Any CPU
		{0EB93D48-3963-4E68-AF8E-11AA4917C889}.Debug|x64.Build.0 = Debug|Any CPU
		{0EB93D48-3963-4E68-AF8E-11AA4917C889}.Debug|x86.ActiveCfg = Debug|Any CPU
		{0EB93D48-3963-4E68-AF8E-11AA4917C889}.Debug|x86.Build.0 = Debug|Any CPU
		{0EB93D48-3963-4E68-AF8E-11AA4917C889}.Release|Any CPU.ActiveCfg = Release|Any CPU
		{0EB93D48-3963-4E68-AF8E-11AA4917C889}.Release|Any CPU.Build.0 = Release|Any CPU
		{0EB93D48-3963-4E68-AF8E-11AA4917C889}.Release|ARM.ActiveCfg = Release|Any CPU
		{0EB93D48-3963-4E68-AF8E-11AA4917C889}.Release|ARM.Build.0 = Release|Any CPU
		{0EB93D48-3963-4E68-AF8E-11AA4917C889}.Release|iPhone.ActiveCfg = Release|Any CPU
		{0EB93D48-3963-4E68-AF8E-11AA4917C889}.Release|iPhone.Build.0 = Release|Any CPU
		{0EB93D48-3963-4E68-AF8E-11AA4917C889}.Release|iPhoneSimulator.ActiveCfg = Release|Any CPU
		{0EB93D48-3963-4E68-AF8E-11AA4917C889}.Release|iPhoneSimulator.Build.0 = Release|Any CPU
		{0EB93D48-3963-4E68-AF8E-11AA4917C889}.Release|x64.ActiveCfg = Release|Any CPU
		{0EB93D48-3963-4E68-AF8E-11AA4917C889}.Release|x64.Build.0 = Release|Any CPU
		{0EB93D48-3963-4E68-AF8E-11AA4917C889}.Release|x86.ActiveCfg = Release|Any CPU
		{0EB93D48-3963-4E68-AF8E-11AA4917C889}.Release|x86.Build.0 = Release|Any CPU
		{E1C00661-9F30-48CC-9D20-37FD04AD800B}.Ad-Hoc|Any CPU.ActiveCfg = Release|Any CPU
		{E1C00661-9F30-48CC-9D20-37FD04AD800B}.Ad-Hoc|Any CPU.Build.0 = Release|Any CPU
		{E1C00661-9F30-48CC-9D20-37FD04AD800B}.Ad-Hoc|Any CPU.Deploy.0 = Release|Any CPU
		{E1C00661-9F30-48CC-9D20-37FD04AD800B}.Ad-Hoc|ARM.ActiveCfg = Release|Any CPU
		{E1C00661-9F30-48CC-9D20-37FD04AD800B}.Ad-Hoc|ARM.Build.0 = Release|Any CPU
		{E1C00661-9F30-48CC-9D20-37FD04AD800B}.Ad-Hoc|ARM.Deploy.0 = Release|Any CPU
		{E1C00661-9F30-48CC-9D20-37FD04AD800B}.Ad-Hoc|iPhone.ActiveCfg = Release|Any CPU
		{E1C00661-9F30-48CC-9D20-37FD04AD800B}.Ad-Hoc|iPhone.Build.0 = Release|Any CPU
		{E1C00661-9F30-48CC-9D20-37FD04AD800B}.Ad-Hoc|iPhone.Deploy.0 = Release|Any CPU
		{E1C00661-9F30-48CC-9D20-37FD04AD800B}.Ad-Hoc|iPhoneSimulator.ActiveCfg = Release|Any CPU
		{E1C00661-9F30-48CC-9D20-37FD04AD800B}.Ad-Hoc|iPhoneSimulator.Build.0 = Release|Any CPU
		{E1C00661-9F30-48CC-9D20-37FD04AD800B}.Ad-Hoc|iPhoneSimulator.Deploy.0 = Release|Any CPU
		{E1C00661-9F30-48CC-9D20-37FD04AD800B}.Ad-Hoc|x64.ActiveCfg = Release|Any CPU
		{E1C00661-9F30-48CC-9D20-37FD04AD800B}.Ad-Hoc|x64.Build.0 = Release|Any CPU
		{E1C00661-9F30-48CC-9D20-37FD04AD800B}.Ad-Hoc|x64.Deploy.0 = Release|Any CPU
		{E1C00661-9F30-48CC-9D20-37FD04AD800B}.Ad-Hoc|x86.ActiveCfg = Release|Any CPU
		{E1C00661-9F30-48CC-9D20-37FD04AD800B}.Ad-Hoc|x86.Build.0 = Release|Any CPU
		{E1C00661-9F30-48CC-9D20-37FD04AD800B}.Ad-Hoc|x86.Deploy.0 = Release|Any CPU
		{E1C00661-9F30-48CC-9D20-37FD04AD800B}.AppStore|Any CPU.ActiveCfg = Release|Any CPU
		{E1C00661-9F30-48CC-9D20-37FD04AD800B}.AppStore|Any CPU.Build.0 = Release|Any CPU
		{E1C00661-9F30-48CC-9D20-37FD04AD800B}.AppStore|Any CPU.Deploy.0 = Release|Any CPU
		{E1C00661-9F30-48CC-9D20-37FD04AD800B}.AppStore|ARM.ActiveCfg = Release|Any CPU
		{E1C00661-9F30-48CC-9D20-37FD04AD800B}.AppStore|ARM.Build.0 = Release|Any CPU
		{E1C00661-9F30-48CC-9D20-37FD04AD800B}.AppStore|ARM.Deploy.0 = Release|Any CPU
		{E1C00661-9F30-48CC-9D20-37FD04AD800B}.AppStore|iPhone.ActiveCfg = Release|Any CPU
		{E1C00661-9F30-48CC-9D20-37FD04AD800B}.AppStore|iPhone.Build.0 = Release|Any CPU
		{E1C00661-9F30-48CC-9D20-37FD04AD800B}.AppStore|iPhone.Deploy.0 = Release|Any CPU
		{E1C00661-9F30-48CC-9D20-37FD04AD800B}.AppStore|iPhoneSimulator.ActiveCfg = Release|Any CPU
		{E1C00661-9F30-48CC-9D20-37FD04AD800B}.AppStore|iPhoneSimulator.Build.0 = Release|Any CPU
		{E1C00661-9F30-48CC-9D20-37FD04AD800B}.AppStore|iPhoneSimulator.Deploy.0 = Release|Any CPU
		{E1C00661-9F30-48CC-9D20-37FD04AD800B}.AppStore|x64.ActiveCfg = Release|Any CPU
		{E1C00661-9F30-48CC-9D20-37FD04AD800B}.AppStore|x64.Build.0 = Release|Any CPU
		{E1C00661-9F30-48CC-9D20-37FD04AD800B}.AppStore|x64.Deploy.0 = Release|Any CPU
		{E1C00661-9F30-48CC-9D20-37FD04AD800B}.AppStore|x86.ActiveCfg = Release|Any CPU
		{E1C00661-9F30-48CC-9D20-37FD04AD800B}.AppStore|x86.Build.0 = Release|Any CPU
		{E1C00661-9F30-48CC-9D20-37FD04AD800B}.AppStore|x86.Deploy.0 = Release|Any CPU
		{E1C00661-9F30-48CC-9D20-37FD04AD800B}.Debug|Any CPU.ActiveCfg = Debug|Any CPU
		{E1C00661-9F30-48CC-9D20-37FD04AD800B}.Debug|Any CPU.Build.0 = Debug|Any CPU
		{E1C00661-9F30-48CC-9D20-37FD04AD800B}.Debug|Any CPU.Deploy.0 = Debug|Any CPU
		{E1C00661-9F30-48CC-9D20-37FD04AD800B}.Debug|ARM.ActiveCfg = Debug|Any CPU
		{E1C00661-9F30-48CC-9D20-37FD04AD800B}.Debug|ARM.Build.0 = Debug|Any CPU
		{E1C00661-9F30-48CC-9D20-37FD04AD800B}.Debug|ARM.Deploy.0 = Debug|Any CPU
		{E1C00661-9F30-48CC-9D20-37FD04AD800B}.Debug|iPhone.ActiveCfg = Debug|Any CPU
		{E1C00661-9F30-48CC-9D20-37FD04AD800B}.Debug|iPhone.Build.0 = Debug|Any CPU
		{E1C00661-9F30-48CC-9D20-37FD04AD800B}.Debug|iPhone.Deploy.0 = Debug|Any CPU
		{E1C00661-9F30-48CC-9D20-37FD04AD800B}.Debug|iPhoneSimulator.ActiveCfg = Debug|Any CPU
		{E1C00661-9F30-48CC-9D20-37FD04AD800B}.Debug|iPhoneSimulator.Build.0 = Debug|Any CPU
		{E1C00661-9F30-48CC-9D20-37FD04AD800B}.Debug|iPhoneSimulator.Deploy.0 = Debug|Any CPU
		{E1C00661-9F30-48CC-9D20-37FD04AD800B}.Debug|x64.ActiveCfg = Debug|Any CPU
		{E1C00661-9F30-48CC-9D20-37FD04AD800B}.Debug|x64.Build.0 = Debug|Any CPU
		{E1C00661-9F30-48CC-9D20-37FD04AD800B}.Debug|x64.Deploy.0 = Debug|Any CPU
		{E1C00661-9F30-48CC-9D20-37FD04AD800B}.Debug|x86.ActiveCfg = Debug|Any CPU
		{E1C00661-9F30-48CC-9D20-37FD04AD800B}.Debug|x86.Build.0 = Debug|Any CPU
		{E1C00661-9F30-48CC-9D20-37FD04AD800B}.Debug|x86.Deploy.0 = Debug|Any CPU
		{E1C00661-9F30-48CC-9D20-37FD04AD800B}.Release|Any CPU.ActiveCfg = Release|Any CPU
		{E1C00661-9F30-48CC-9D20-37FD04AD800B}.Release|Any CPU.Build.0 = Release|Any CPU
		{E1C00661-9F30-48CC-9D20-37FD04AD800B}.Release|Any CPU.Deploy.0 = Release|Any CPU
		{E1C00661-9F30-48CC-9D20-37FD04AD800B}.Release|ARM.ActiveCfg = Release|Any CPU
		{E1C00661-9F30-48CC-9D20-37FD04AD800B}.Release|ARM.Build.0 = Release|Any CPU
		{E1C00661-9F30-48CC-9D20-37FD04AD800B}.Release|ARM.Deploy.0 = Release|Any CPU
		{E1C00661-9F30-48CC-9D20-37FD04AD800B}.Release|iPhone.ActiveCfg = Release|Any CPU
		{E1C00661-9F30-48CC-9D20-37FD04AD800B}.Release|iPhone.Build.0 = Release|Any CPU
		{E1C00661-9F30-48CC-9D20-37FD04AD800B}.Release|iPhone.Deploy.0 = Release|Any CPU
		{E1C00661-9F30-48CC-9D20-37FD04AD800B}.Release|iPhoneSimulator.ActiveCfg = Release|Any CPU
		{E1C00661-9F30-48CC-9D20-37FD04AD800B}.Release|iPhoneSimulator.Build.0 = Release|Any CPU
		{E1C00661-9F30-48CC-9D20-37FD04AD800B}.Release|iPhoneSimulator.Deploy.0 = Release|Any CPU
		{E1C00661-9F30-48CC-9D20-37FD04AD800B}.Release|x64.ActiveCfg = Release|Any CPU
		{E1C00661-9F30-48CC-9D20-37FD04AD800B}.Release|x64.Build.0 = Release|Any CPU
		{E1C00661-9F30-48CC-9D20-37FD04AD800B}.Release|x64.Deploy.0 = Release|Any CPU
		{E1C00661-9F30-48CC-9D20-37FD04AD800B}.Release|x86.ActiveCfg = Release|Any CPU
		{E1C00661-9F30-48CC-9D20-37FD04AD800B}.Release|x86.Build.0 = Release|Any CPU
		{E1C00661-9F30-48CC-9D20-37FD04AD800B}.Release|x86.Deploy.0 = Release|Any CPU
		{76B4A8A4-B86A-4DC2-B052-5C050B871809}.Ad-Hoc|Any CPU.ActiveCfg = Ad-Hoc|iPhone
		{76B4A8A4-B86A-4DC2-B052-5C050B871809}.Ad-Hoc|ARM.ActiveCfg = Ad-Hoc|iPhone
		{76B4A8A4-B86A-4DC2-B052-5C050B871809}.Ad-Hoc|iPhone.ActiveCfg = Ad-Hoc|iPhone
		{76B4A8A4-B86A-4DC2-B052-5C050B871809}.Ad-Hoc|iPhone.Build.0 = Ad-Hoc|iPhone
		{76B4A8A4-B86A-4DC2-B052-5C050B871809}.Ad-Hoc|iPhoneSimulator.ActiveCfg = Ad-Hoc|iPhoneSimulator
		{76B4A8A4-B86A-4DC2-B052-5C050B871809}.Ad-Hoc|iPhoneSimulator.Build.0 = Ad-Hoc|iPhoneSimulator
		{76B4A8A4-B86A-4DC2-B052-5C050B871809}.Ad-Hoc|x64.ActiveCfg = Ad-Hoc|iPhone
		{76B4A8A4-B86A-4DC2-B052-5C050B871809}.Ad-Hoc|x86.ActiveCfg = Ad-Hoc|iPhone
		{76B4A8A4-B86A-4DC2-B052-5C050B871809}.AppStore|Any CPU.ActiveCfg = AppStore|iPhone
		{76B4A8A4-B86A-4DC2-B052-5C050B871809}.AppStore|ARM.ActiveCfg = AppStore|iPhone
		{76B4A8A4-B86A-4DC2-B052-5C050B871809}.AppStore|iPhone.ActiveCfg = AppStore|iPhone
		{76B4A8A4-B86A-4DC2-B052-5C050B871809}.AppStore|iPhone.Build.0 = AppStore|iPhone
		{76B4A8A4-B86A-4DC2-B052-5C050B871809}.AppStore|iPhoneSimulator.ActiveCfg = AppStore|iPhoneSimulator
		{76B4A8A4-B86A-4DC2-B052-5C050B871809}.AppStore|iPhoneSimulator.Build.0 = AppStore|iPhoneSimulator
		{76B4A8A4-B86A-4DC2-B052-5C050B871809}.AppStore|x64.ActiveCfg = AppStore|iPhone
		{76B4A8A4-B86A-4DC2-B052-5C050B871809}.AppStore|x86.ActiveCfg = AppStore|iPhone
		{76B4A8A4-B86A-4DC2-B052-5C050B871809}.Debug|Any CPU.ActiveCfg = Debug|iPhone
		{76B4A8A4-B86A-4DC2-B052-5C050B871809}.Debug|ARM.ActiveCfg = Debug|iPhone
		{76B4A8A4-B86A-4DC2-B052-5C050B871809}.Debug|iPhone.ActiveCfg = Debug|iPhone
		{76B4A8A4-B86A-4DC2-B052-5C050B871809}.Debug|iPhone.Build.0 = Debug|iPhone
		{76B4A8A4-B86A-4DC2-B052-5C050B871809}.Debug|iPhoneSimulator.ActiveCfg = Debug|iPhoneSimulator
		{76B4A8A4-B86A-4DC2-B052-5C050B871809}.Debug|iPhoneSimulator.Build.0 = Debug|iPhoneSimulator
		{76B4A8A4-B86A-4DC2-B052-5C050B871809}.Debug|x64.ActiveCfg = Debug|iPhone
		{76B4A8A4-B86A-4DC2-B052-5C050B871809}.Debug|x86.ActiveCfg = Debug|iPhone
		{76B4A8A4-B86A-4DC2-B052-5C050B871809}.Release|Any CPU.ActiveCfg = Release|iPhone
		{76B4A8A4-B86A-4DC2-B052-5C050B871809}.Release|ARM.ActiveCfg = Release|iPhone
		{76B4A8A4-B86A-4DC2-B052-5C050B871809}.Release|iPhone.ActiveCfg = Release|iPhone
		{76B4A8A4-B86A-4DC2-B052-5C050B871809}.Release|iPhone.Build.0 = Release|iPhone
		{76B4A8A4-B86A-4DC2-B052-5C050B871809}.Release|iPhoneSimulator.ActiveCfg = Release|iPhoneSimulator
		{76B4A8A4-B86A-4DC2-B052-5C050B871809}.Release|iPhoneSimulator.Build.0 = Release|iPhoneSimulator
		{76B4A8A4-B86A-4DC2-B052-5C050B871809}.Release|x64.ActiveCfg = Release|iPhone
		{76B4A8A4-B86A-4DC2-B052-5C050B871809}.Release|x86.ActiveCfg = Release|iPhone
		{482C58C7-DFAD-431E-9F10-08C2B4F60673}.Ad-Hoc|Any CPU.ActiveCfg = Release|x86
		{482C58C7-DFAD-431E-9F10-08C2B4F60673}.Ad-Hoc|Any CPU.Build.0 = Release|x86
		{482C58C7-DFAD-431E-9F10-08C2B4F60673}.Ad-Hoc|Any CPU.Deploy.0 = Release|x86
		{482C58C7-DFAD-431E-9F10-08C2B4F60673}.Ad-Hoc|ARM.ActiveCfg = Release|ARM
		{482C58C7-DFAD-431E-9F10-08C2B4F60673}.Ad-Hoc|ARM.Build.0 = Release|ARM
		{482C58C7-DFAD-431E-9F10-08C2B4F60673}.Ad-Hoc|ARM.Deploy.0 = Release|ARM
		{482C58C7-DFAD-431E-9F10-08C2B4F60673}.Ad-Hoc|iPhone.ActiveCfg = Release|x86
		{482C58C7-DFAD-431E-9F10-08C2B4F60673}.Ad-Hoc|iPhone.Build.0 = Release|x86
		{482C58C7-DFAD-431E-9F10-08C2B4F60673}.Ad-Hoc|iPhone.Deploy.0 = Release|x86
		{482C58C7-DFAD-431E-9F10-08C2B4F60673}.Ad-Hoc|iPhoneSimulator.ActiveCfg = Release|x86
		{482C58C7-DFAD-431E-9F10-08C2B4F60673}.Ad-Hoc|iPhoneSimulator.Build.0 = Release|x86
		{482C58C7-DFAD-431E-9F10-08C2B4F60673}.Ad-Hoc|iPhoneSimulator.Deploy.0 = Release|x86
		{482C58C7-DFAD-431E-9F10-08C2B4F60673}.Ad-Hoc|x64.ActiveCfg = Release|x64
		{482C58C7-DFAD-431E-9F10-08C2B4F60673}.Ad-Hoc|x64.Build.0 = Release|x64
		{482C58C7-DFAD-431E-9F10-08C2B4F60673}.Ad-Hoc|x64.Deploy.0 = Release|x64
		{482C58C7-DFAD-431E-9F10-08C2B4F60673}.Ad-Hoc|x86.ActiveCfg = Release|x86
		{482C58C7-DFAD-431E-9F10-08C2B4F60673}.Ad-Hoc|x86.Build.0 = Release|x86
		{482C58C7-DFAD-431E-9F10-08C2B4F60673}.Ad-Hoc|x86.Deploy.0 = Release|x86
		{482C58C7-DFAD-431E-9F10-08C2B4F60673}.AppStore|Any CPU.ActiveCfg = Release|x86
		{482C58C7-DFAD-431E-9F10-08C2B4F60673}.AppStore|Any CPU.Build.0 = Release|x86
		{482C58C7-DFAD-431E-9F10-08C2B4F60673}.AppStore|Any CPU.Deploy.0 = Release|x86
		{482C58C7-DFAD-431E-9F10-08C2B4F60673}.AppStore|ARM.ActiveCfg = Release|ARM
		{482C58C7-DFAD-431E-9F10-08C2B4F60673}.AppStore|ARM.Build.0 = Release|ARM
		{482C58C7-DFAD-431E-9F10-08C2B4F60673}.AppStore|ARM.Deploy.0 = Release|ARM
		{482C58C7-DFAD-431E-9F10-08C2B4F60673}.AppStore|iPhone.ActiveCfg = Release|x86
		{482C58C7-DFAD-431E-9F10-08C2B4F60673}.AppStore|iPhone.Build.0 = Release|x86
		{482C58C7-DFAD-431E-9F10-08C2B4F60673}.AppStore|iPhone.Deploy.0 = Release|x86
		{482C58C7-DFAD-431E-9F10-08C2B4F60673}.AppStore|iPhoneSimulator.ActiveCfg = Release|x86
		{482C58C7-DFAD-431E-9F10-08C2B4F60673}.AppStore|iPhoneSimulator.Build.0 = Release|x86
		{482C58C7-DFAD-431E-9F10-08C2B4F60673}.AppStore|iPhoneSimulator.Deploy.0 = Release|x86
		{482C58C7-DFAD-431E-9F10-08C2B4F60673}.AppStore|x64.ActiveCfg = Release|x64
		{482C58C7-DFAD-431E-9F10-08C2B4F60673}.AppStore|x64.Build.0 = Release|x64
		{482C58C7-DFAD-431E-9F10-08C2B4F60673}.AppStore|x64.Deploy.0 = Release|x64
		{482C58C7-DFAD-431E-9F10-08C2B4F60673}.AppStore|x86.ActiveCfg = Release|x86
		{482C58C7-DFAD-431E-9F10-08C2B4F60673}.AppStore|x86.Build.0 = Release|x86
		{482C58C7-DFAD-431E-9F10-08C2B4F60673}.AppStore|x86.Deploy.0 = Release|x86
		{482C58C7-DFAD-431E-9F10-08C2B4F60673}.Debug|Any CPU.ActiveCfg = Debug|x86
		{482C58C7-DFAD-431E-9F10-08C2B4F60673}.Debug|ARM.ActiveCfg = Debug|ARM
		{482C58C7-DFAD-431E-9F10-08C2B4F60673}.Debug|ARM.Build.0 = Debug|ARM
		{482C58C7-DFAD-431E-9F10-08C2B4F60673}.Debug|ARM.Deploy.0 = Debug|ARM
		{482C58C7-DFAD-431E-9F10-08C2B4F60673}.Debug|iPhone.ActiveCfg = Debug|x86
		{482C58C7-DFAD-431E-9F10-08C2B4F60673}.Debug|iPhoneSimulator.ActiveCfg = Debug|x86
		{482C58C7-DFAD-431E-9F10-08C2B4F60673}.Debug|x64.ActiveCfg = Debug|x64
		{482C58C7-DFAD-431E-9F10-08C2B4F60673}.Debug|x64.Build.0 = Debug|x64
		{482C58C7-DFAD-431E-9F10-08C2B4F60673}.Debug|x64.Deploy.0 = Debug|x64
		{482C58C7-DFAD-431E-9F10-08C2B4F60673}.Debug|x86.ActiveCfg = Debug|x86
		{482C58C7-DFAD-431E-9F10-08C2B4F60673}.Debug|x86.Build.0 = Debug|x86
		{482C58C7-DFAD-431E-9F10-08C2B4F60673}.Debug|x86.Deploy.0 = Debug|x86
		{482C58C7-DFAD-431E-9F10-08C2B4F60673}.Release|Any CPU.ActiveCfg = Release|x86
		{482C58C7-DFAD-431E-9F10-08C2B4F60673}.Release|ARM.ActiveCfg = Release|ARM
		{482C58C7-DFAD-431E-9F10-08C2B4F60673}.Release|ARM.Build.0 = Release|ARM
		{482C58C7-DFAD-431E-9F10-08C2B4F60673}.Release|ARM.Deploy.0 = Release|ARM
		{482C58C7-DFAD-431E-9F10-08C2B4F60673}.Release|iPhone.ActiveCfg = Release|x86
		{482C58C7-DFAD-431E-9F10-08C2B4F60673}.Release|iPhoneSimulator.ActiveCfg = Release|x86
		{482C58C7-DFAD-431E-9F10-08C2B4F60673}.Release|x64.ActiveCfg = Release|x64
		{482C58C7-DFAD-431E-9F10-08C2B4F60673}.Release|x64.Build.0 = Release|x64
		{482C58C7-DFAD-431E-9F10-08C2B4F60673}.Release|x64.Deploy.0 = Release|x64
		{482C58C7-DFAD-431E-9F10-08C2B4F60673}.Release|x86.ActiveCfg = Release|x86
		{482C58C7-DFAD-431E-9F10-08C2B4F60673}.Release|x86.Build.0 = Release|x86
		{482C58C7-DFAD-431E-9F10-08C2B4F60673}.Release|x86.Deploy.0 = Release|x86
	EndGlobalSection
	GlobalSection(SolutionProperties) = preSolution
		HideSolutionNode = FALSE
	EndGlobalSection
	GlobalSection(ExtensibilityGlobals) = postSolution
		SolutionGuid = {CA569E19-4A86-48E5-A21D-DAF00806D3C9}
	EndGlobalSection
EndGlobal
